
Microsoft Visual Studio Solution File, Format Version 12.00
# Visual Studio Version 17
VisualStudioVersion = 17.7.34031.279
MinimumVisualStudioVersion = 10.0.40219.1
Project("{FAE04EC0-301F-11D3-BF4B-00C04F79EFBC}") = "ProjectIMS", "ProjectIMS.csproj", "{B4E31113-B7F1-42C6-ABF8-BA60DC92BC6C}"
EndProject
Global
	GlobalSection(SolutionConfigurationPlatforms) = preSolution
		Debug|Any CPU = Debug|Any CPU
		Release|Any CPU = Release|Any CPU
	EndGlobalSection
	GlobalSection(ProjectConfigurationPlatforms) = postSolution
		{B4E31113-B7F1-42C6-ABF8-BA60DC92BC6C}.Debug|Any CPU.ActiveCfg = Debug|Any CPU
		{B4E31113-B7F1-42C6-ABF8-BA60DC92BC6C}.Debug|Any CPU.Build.0 = Debug|Any CPU
		{B4E31113-B7F1-42C6-ABF8-BA60DC92BC6C}.Release|Any CPU.ActiveCfg = Release|Any CPU
		{B4E31113-B7F1-42C6-ABF8-BA60DC92BC6C}.Release|Any CPU.Build.0 = Release|Any CPU
	EndGlobalSection
	GlobalSection(SolutionProperties) = preSolution
		HideSolutionNode = FALSE
	EndGlobalSection
	GlobalSection(ExtensibilityGlobals) = postSolution
		SolutionGuid = {69ECA5B6-30B0-49E0-8751-450BF8F6B7D6}
	EndGlobalSection
EndGlobal
